// !$*UTF8*$!
{
	archiveVersion = 1;
	classes = {
	};
	objectVersion = 46;
	objects = {

/* Begin PBXBuildFile section */
		6B7DA57C1EFDE8F500289A7E /* AppDelegate.swift in Sources */ = {isa = PBXBuildFile; fileRef = 6B7DA57B1EFDE8F500289A7E /* AppDelegate.swift */; };
		6B7DA57E1EFDE8F500289A7E /* ViewController.swift in Sources */ = {isa = PBXBuildFile; fileRef = 6B7DA57D1EFDE8F500289A7E /* ViewController.swift */; };
		6B7DA5811EFDE8F500289A7E /* Main.storyboard in Resources */ = {isa = PBXBuildFile; fileRef = 6B7DA57F1EFDE8F500289A7E /* Main.storyboard */; };
		6B7DA5831EFDE8F500289A7E /* Assets.xcassets in Resources */ = {isa = PBXBuildFile; fileRef = 6B7DA5821EFDE8F500289A7E /* Assets.xcassets */; };
		6B7DA5861EFDE8F500289A7E /* LaunchScreen.storyboard in Resources */ = {isa = PBXBuildFile; fileRef = 6B7DA5841EFDE8F500289A7E /* LaunchScreen.storyboard */; };
/* End PBXBuildFile section */

/* Begin PBXFileReference section */
		6B7DA5781EFDE8F500289A7E /* AutoLayoutTrick.app */ = {isa = PBXFileReference; explicitFileType = wrapper.application; includeInIndex = 0; path = AutoLayoutTrick.app; sourceTree = BUILT_PRODUCTS_DIR; };
		6B7DA57B1EFDE8F500289A7E /* AppDelegate.swift */ = {isa = PBXFileReference; lastKnownFileType = sourcecode.swift; path = AppDelegate.swift; sourceTree = "<group>"; };
		6B7DA57D1EFDE8F500289A7E /* ViewController.swift */ = {isa = PBXFileReference; lastKnownFileType = sourcecode.swift; path = ViewController.swift; sourceTree = "<group>"; };
		6B7DA5801EFDE8F500289A7E /* Base */ = {isa = PBXFileReference; lastKnownFileType = file.storyboard; name = Base; path = Base.lproj/Main.storyboard; sourceTree = "<group>"; };
		6B7DA5821EFDE8F500289A7E /* Assets.xcassets */ = {isa = PBXFileReference; lastKnownFileType = folder.assetcatalog; path = Assets.xcassets; sourceTree = "<group>"; };
		6B7DA5851EFDE8F500289A7E /* Base */ = {isa = PBXFileReference; lastKnownFileType = file.storyboard; name = Base; path = Base.lproj/LaunchScreen.storyboard; sourceTree = "<group>"; };
		6B7DA5871EFDE8F500289A7E /* Info.plist */ = {isa = PBXFileReference; lastKnownFileType = text.plist.xml; path = Info.plist; sourceTree = "<group>"; };
/* End PBXFileReference section */

/* Begin PBXFrameworksBuildPhase section */
		6B7DA5751EFDE8F500289A7E /* Frameworks */ = {
			isa = PBXFrameworksBuildPhase;
			buildActionMask = 2147483647;
			files = (
			);
			runOnlyForDeploymentPostprocessing = 0;
		};
/* End PBXFrameworksBuildPhase section */

/* Begin PBXGroup section */
		6B7DA56F1EFDE8F500289A7E = {
			isa = PBXGroup;
			children = (
				6B7DA57A1EFDE8F500289A7E /* AutoLayoutTrick */,
				6B7DA5791EFDE8F500289A7E /* Products */,
			);
			sourceTree = "<group>";
		};
		6B7DA5791EFDE8F500289A7E /* Products */ = {
			isa = PBXGroup;
			children = (
				6B7DA5781EFDE8F500289A7E /* AutoLayoutTrick.app */,
			);
			name = Products;
			sourceTree = "<group>";
		};
		6B7DA57A1EFDE8F500289A7E /* AutoLayoutTrick */ = {
			isa = PBXGroup;
			children = (
				6B7DA57B1EFDE8F500289A7E /* AppDelegate.swift */,
				6B7DA57D1EFDE8F500289A7E /* ViewController.swift */,
				6B7DA57F1EFDE8F500289A7E /* Main.storyboard */,
				6B7DA5821EFDE8F500289A7E /* Assets.xcassets */,
				6B7DA5841EFDE8F500289A7E /* LaunchScreen.storyboard */,
				6B7DA5871EFDE8F500289A7E /* Info.plist */,
			);
			path = AutoLayoutTrick;
			sourceTree = "<group>";
		};
/* End PBXGroup section */

/* Begin PBXNativeTarget section */
		6B7DA5771EFDE8F500289A7E /* AutoLayoutTrick */ = {
			isa = PBXNativeTarget;
			buildConfigurationList = 6B7DA58A1EFDE8F500289A7E /* Build configuration list for PBXNativeTarget "AutoLayoutTrick" */;
			buildPhases = (
				6B7DA5741EFDE8F500289A7E /* Sources */,
				6B7DA5751EFDE8F500289A7E /* Frameworks */,
				6B7DA5761EFDE8F500289A7E /* Resources */,
			);
			buildRules = (
			);
			dependencies = (
			);
			name = AutoLayoutTrick;
			productName = AutoLayoutTrick;
			productReference = 6B7DA5781EFDE8F500289A7E /* AutoLayoutTrick.app */;
			productType = "com.apple.product-type.application";
		};
/* End PBXNativeTarget section */

/* Begin PBXProject section */
		6B7DA5701EFDE8F500289A7E /* Project object */ = {
			isa = PBXProject;
			attributes = {
				LastSwiftUpdateCheck = 0830;
				LastUpgradeCheck = 0830;
				ORGANIZATIONNAME = "Eric Ho";
				TargetAttributes = {
					6B7DA5771EFDE8F500289A7E = {
						CreatedOnToolsVersion = 8.3.3;
						DevelopmentTeam = TUJ8BF3V7Q;
						ProvisioningStyle = Automatic;
					};
				};
			};
			buildConfigurationList = 6B7DA5731EFDE8F500289A7E /* Build configuration list for PBXProject "AutoLayoutTrick" */;
			compatibilityVersion = "Xcode 3.2";
			developmentRegion = English;
			hasScannedForEncodings = 0;
			knownRegions = (
				en,
				Base,
			);
			mainGroup = 6B7DA56F1EFDE8F500289A7E;
			productRefGroup = 6B7DA5791EFDE8F500289A7E /* Products */;
			projectDirPath = "";
			projectRoot = "";
			targets = (
				6B7DA5771EFDE8F500289A7E /* AutoLayoutTrick */,
			);
		};
/* End PBXProject section */

/* Begin PBXResourcesBuildPhase section */
		6B7DA5761EFDE8F500289A7E /* Resources */ = {
			isa = PBXResourcesBuildPhase;
			buildActionMask = 2147483647;
			files = (
				6B7DA5861EFDE8F500289A7E /* LaunchScreen.storyboard in Resources */,
				6B7DA5831EFDE8F500289A7E /* Assets.xcassets in Resources */,
				6B7DA5811EFDE8F500289A7E /* Main.storyboard in Resources */,
			);
			runOnlyForDeploymentPostprocessing = 0;
		};
/* End PBXResourcesBuildPhase section */

/* Begin PBXSourcesBuildPhase section */
		6B7DA5741EFDE8F500289A7E /* Sources */ = {
			isa = PBXSourcesBuildPhase;
			buildActionMask = 2147483647;
			files = (
				6B7DA57E1EFDE8F500289A7E /* ViewController.swift in Sources */,
				6B7DA57C1EFDE8F500289A7E /* AppDelegate.swift in Sources */,
			);
			runOnlyForDeploymentPostprocessing = 0;
		};
/* End PBXSourcesBuildPhase section */

/* Begin PBXVariantGroup section */
		6B7DA57F1EFDE8F500289A7E /* Main.storyboard */ = {
			isa = PBXVariantGroup;
			children = (
				6B7DA5801EFDE8F500289A7E /* Base */,
			);
			name = Main.storyboard;
			sourceTree = "<group>";
		};
		6B7DA5841EFDE8F500289A7E /* LaunchScreen.storyboard */ = {
			isa = PBXVariantGroup;
			children = (
				6B7DA5851EFDE8F500289A7E /* Base */,
			);
			name = LaunchScreen.storyboard;
			sourceTree = "<group>";
		};
/* End PBXVariantGroup section */

/* Begin XCBuildConfiguration section */
		6B7DA5881EFDE8F500289A7E /* Debug */ = {
			isa = XCBuildConfiguration;
			buildSettings = {
				ALWAYS_SEARCH_USER_PATHS = NO;
				CLANG_ANALYZER_NONNULL = YES;
				CLANG_ANALYZER_NUMBER_OBJECT_CONVERSION = YES_AGGRESSIVE;
				CLANG_CXX_LANGUAGE_STANDARD = "gnu++0x";
				CLANG_CXX_LIBRARY = "libc++";
				CLANG_ENABLE_MODULES = YES;
				CLANG_ENABLE_OBJC_ARC = YES;
				CLANG_WARN_BOOL_CONVERSION = YES;
				CLANG_WARN_CONSTANT_CONVERSION = YES;
				CLANG_WARN_DIRECT_OBJC_ISA_USAGE = YES_ERROR;
				CLANG_WARN_DOCUMENTATION_COMMENTS = YES;
				CLANG_WARN_EMPTY_BODY = YES;
				CLANG_WARN_ENUM_CONVERSION = YES;
				CLANG_WARN_INFINITE_RECURSION = YES;
				CLANG_WARN_INT_CONVERSION = YES;
				CLANG_WARN_OBJC_ROOT_CLASS = YES_ERROR;
				CLANG_WARN_SUSPICIOUS_MOVE = YES;
				CLANG_WARN_UNREACHABLE_CODE = YES;
				CLANG_WARN__DUPLICATE_METHOD_MATCH = YES;
				"CODE_SIGN_IDENTITY[sdk=iphoneos*]" = "iPhone Developer";
				COPY_PHASE_STRIP = NO;
				DEBUG_INFORMATION_FORMAT = dwarf;
				ENABLE_STRICT_OBJC_MSGSEND = YES;
				ENABLE_TESTABILITY = YES;
				GCC_C_LANGUAGE_STANDARD = gnu99;
				GCC_DYNAMIC_NO_PIC = NO;
				GCC_NO_COMMON_BLOCKS = YES;
				GCC_OPTIMIZATION_LEVEL = 0;
				GCC_PREPROCESSOR_DEFINITIONS = (
					"DEBUG=1",
					"$(inherited)",
				);
				GCC_WARN_64_TO_32_BIT_CONVERSION = YES;
				GCC_WARN_ABOUT_RETURN_TYPE = YES_ERROR;
				GCC_WARN_UNDECLARED_SELECTOR = YES;
				GCC_WARN_UNINITIALIZED_AUTOS = YES_AGGRESSIVE;
				GCC_WARN_UNUSED_FUNCTION = YES;
				GCC_WARN_UNUSED_VARIABLE = YES;
				IPHONEOS_DEPLOYMENT_TARGET = 10.3;
				MTL_ENABLE_DEBUG_INFO = YES;
				ONLY_ACTIVE_ARCH = YES;
				SDKROOT = iphoneos;
				SWIFT_ACTIVE_COMPILATION_CONDITIONS = DEBUG;
				SWIFT_OPTIMIZATION_LEVEL = "-Onone";
				TARGETED_DEVICE_FAMILY = "1,2";
			};
			name = Debug;
		};
		6B7DA5891EFDE8F500289A7E /* Release */ = {
			isa = XCBuildConfiguration;
			buildSettings = {
				ALWAYS_SEARCH_USER_PATHS = NO;
				CLANG_ANALYZER_NONNULL = YES;
				CLANG_ANALYZER_NUMBER_OBJECT_CONVERSION = YES_AGGRESSIVE;
				CLANG_CXX_LANGUAGE_STANDARD = "gnu++0x";
				CLANG_CXX_LIBRARY = "libc++";
				CLANG_ENABLE_MODULES = YES;
				CLANG_ENABLE_OBJC_ARC = YES;
				CLANG_WARN_BOOL_CONVERSION = YES;
				CLANG_WARN_CONSTANT_CONVERSION = YES;
				CLANG_WARN_DIRECT_OBJC_ISA_USAGE = YES_ERROR;
				CLANG_WARN_DOCUMENTATION_COMMENTS = YES;
				CLANG_WARN_EMPTY_BODY = YES;
				CLANG_WARN_ENUM_CONVERSION = YES;
				CLANG_WARN_INFINITE_RECURSION = YES;
				CLANG_WARN_INT_CONVERSION = YES;
				CLANG_WARN_OBJC_ROOT_CLASS = YES_ERROR;
				CLANG_WARN_SUSPICIOUS_MOVE = YES;
				CLANG_WARN_UNREACHABLE_CODE = YES;
				CLANG_WARN__DUPLICATE_METHOD_MATCH = YES;
				"CODE_SIGN_IDENTITY[sdk=iphoneos*]" = "iPhone Developer";
				COPY_PHASE_STRIP = NO;
				DEBUG_INFORMATION_FORMAT = "dwarf-with-dsym";
				ENABLE_NS_ASSERTIONS = NO;
				ENABLE_STRICT_OBJC_MSGSEND = YES;
				GCC_C_LANGUAGE_STANDARD = gnu99;
				GCC_NO_COMMON_BLOCKS = YES;
				GCC_WARN_64_TO_32_BIT_CONVERSION = YES;
				GCC_WARN_ABOUT_RETURN_TYPE = YES_ERROR;
				GCC_WARN_UNDECLARED_SELECTOR = YES;
				GCC_WARN_UNINITIALIZED_AUTOS = YES_AGGRESSIVE;
				GCC_WARN_UNUSED_FUNCTION = YES;
				GCC_WARN_UNUSED_VARIABLE = YES;
				IPHONEOS_DEPLOYMENT_TARGET = 10.3;
				MTL_ENABLE_DEBUG_INFO = NO;
				SDKROOT = iphoneos;
				SWIFT_OPTIMIZATION_LEVEL = "-Owholemodule";
				TARGETED_DEVICE_FAMILY = "1,2";
				VALIDATE_PRODUCT = YES;
			};
			name = Release;
		};
		6B7DA58B1EFDE8F500289A7E /* Debug */ = {
			isa = XCBuildConfiguration;
			buildSettings = {
				ASSETCATALOG_COMPILER_APPICON_NAME = AppIcon;
				DEVELOPMENT_TEAM = TUJ8BF3V7Q;
				INFOPLIST_FILE = AutoLayoutTrick/Info.plist;
				LD_RUNPATH_SEARCH_PATHS = "$(inherited) @executable_path/Frameworks";
				PRODUCT_BUNDLE_IDENTIFIER = com.elabvsion.AutoLayoutTrick;
				PRODUCT_NAME = "$(TARGET_NAME)";
				SWIFT_VERSION = 3.0;
			};
			name = Debug;
		};
		6B7DA58C1EFDE8F500289A7E /* Release */ = {
			isa = XCBuildConfiguration;
			buildSettings = {
				ASSETCATALOG_COMPILER_APPICON_NAME = AppIcon;
				DEVELOPMENT_TEAM = TUJ8BF3V7Q;
				INFOPLIST_FILE = AutoLayoutTrick/Info.plist;
				LD_RUNPATH_SEARCH_PATHS = "$(inherited) @executable_path/Frameworks";
				PRODUCT_BUNDLE_IDENTIFIER = com.elabvsion.AutoLayoutTrick;
				PRODUCT_NAME = "$(TARGET_NAME)";
				SWIFT_VERSION = 3.0;
			};
			name = Release;
		};
/* End XCBuildConfiguration section */

/* Begin XCConfigurationList section */
		6B7DA5731EFDE8F500289A7E /* Build configuration list for PBXProject "AutoLayoutTrick" */ = {
			isa = XCConfigurationList;
			buildConfigurations = (
				6B7DA5881EFDE8F500289A7E /* Debug */,
				6B7DA5891EFDE8F500289A7E /* Release */,
			);
			defaultConfigurationIsVisible = 0;
			defaultConfigurationName = Release;
		};
		6B7DA58A1EFDE8F500289A7E /* Build configuration list for PBXNativeTarget "AutoLayoutTrick" */ = {
			isa = XCConfigurationList;
			buildConfigurations = (
				6B7DA58B1EFDE8F500289A7E /* Debug */,
				6B7DA58C1EFDE8F500289A7E /* Release */,
			);
			defaultConfigurationIsVisible = 0;
		};
/* End XCConfigurationList section */
	};
	rootObject = 6B7DA5701EFDE8F500289A7E /* Project object */;
}
